
Microsoft Visual Studio Solution File, Format Version 12.00
# Visual Studio Version 17
VisualStudioVersion = 17.2.32519.379
MinimumVisualStudioVersion = 10.0.40219.1
Project("{FAE04EC0-301F-11D3-BF4B-00C04F79EFBC}") = "ProblemNotififation.Server", "ProblemNotififation\Server\ProblemNotififation.Server.csproj", "{4CE0FCA1-9D3B-4CE5-81E7-9126D1718188}"
EndProject
Project("{FAE04EC0-301F-11D3-BF4B-00C04F79EFBC}") = "ProblemNotififation.Client", "ProblemNotififation\Client\ProblemNotififation.Client.csproj", "{FD778004-4F55-499F-B77A-96B909F2FABE}"
EndProject
Project("{FAE04EC0-301F-11D3-BF4B-00C04F79EFBC}") = "ProblemNotififation.Shared", "ProblemNotififation\Shared\ProblemNotififation.Shared.csproj", "{08F24ABD-2F42-4A7D-9DD9-96CA692A4FAA}"
EndProject
Global
	GlobalSection(SolutionConfigurationPlatforms) = preSolution
		Debug|Any CPU = Debug|Any CPU
		Release|Any CPU = Release|Any CPU
	EndGlobalSection
	GlobalSection(ProjectConfigurationPlatforms) = postSolution
		{4CE0FCA1-9D3B-4CE5-81E7-9126D1718188}.Debug|Any CPU.ActiveCfg = Debug|Any CPU
		{4CE0FCA1-9D3B-4CE5-81E7-9126D1718188}.Debug|Any CPU.Build.0 = Debug|Any CPU
		{4CE0FCA1-9D3B-4CE5-81E7-9126D1718188}.Release|Any CPU.ActiveCfg = Release|Any CPU
		{4CE0FCA1-9D3B-4CE5-81E7-9126D1718188}.Release|Any CPU.Build.0 = Release|Any CPU
		{FD778004-4F55-499F-B77A-96B909F2FABE}.Debug|Any CPU.ActiveCfg = Debug|Any CPU
		{FD778004-4F55-499F-B77A-96B909F2FABE}.Debug|Any CPU.Build.0 = Debug|Any CPU
		{FD778004-4F55-499F-B77A-96B909F2FABE}.Release|Any CPU.ActiveCfg = Release|Any CPU
		{FD778004-4F55-499F-B77A-96B909F2FABE}.Release|Any CPU.Build.0 = Release|Any CPU
		{08F24ABD-2F42-4A7D-9DD9-96CA692A4FAA}.Debug|Any CPU.ActiveCfg = Debug|Any CPU
		{08F24ABD-2F42-4A7D-9DD9-96CA692A4FAA}.Debug|Any CPU.Build.0 = Debug|Any CPU
		{08F24ABD-2F42-4A7D-9DD9-96CA692A4FAA}.Release|Any CPU.ActiveCfg = Release|Any CPU
		{08F24ABD-2F42-4A7D-9DD9-96CA692A4FAA}.Release|Any CPU.Build.0 = Release|Any CPU
	EndGlobalSection
	GlobalSection(SolutionProperties) = preSolution
		HideSolutionNode = FALSE
	EndGlobalSection
	GlobalSection(ExtensibilityGlobals) = postSolution
		SolutionGuid = {83F48ED2-D006-4129-B7CA-320F5413820F}
	EndGlobalSection
EndGlobal
